
Microsoft Visual Studio Solution File, Format Version 12.00
# Visual Studio 15
VisualStudioVersion = 15.0.27130.2026
MinimumVisualStudioVersion = 10.0.40219.1
Project("{FAE04EC0-301F-11D3-BF4B-00C04F79EFBC}") = "Labb4", "Labb4\Labb4.csproj", "{5BA42979-A083-4B3F-96D1-84912DA3C8B9}"
EndProject
Project("{FAE04EC0-301F-11D3-BF4B-00C04F79EFBC}") = "PictureFunction", "PictureFunction\PictureFunction.csproj", "{725DED19-9A20-4B22-8DCD-49A50FB9460E}"
EndProject
Global
	GlobalSection(SolutionConfigurationPlatforms) = preSolution
		Debug|Any CPU = Debug|Any CPU
		Release|Any CPU = Release|Any CPU
	EndGlobalSection
	GlobalSection(ProjectConfigurationPlatforms) = postSolution
		{5BA42979-A083-4B3F-96D1-84912DA3C8B9}.Debug|Any CPU.ActiveCfg = Debug|Any CPU
		{5BA42979-A083-4B3F-96D1-84912DA3C8B9}.Debug|Any CPU.Build.0 = Debug|Any CPU
		{5BA42979-A083-4B3F-96D1-84912DA3C8B9}.Release|Any CPU.ActiveCfg = Release|Any CPU
		{5BA42979-A083-4B3F-96D1-84912DA3C8B9}.Release|Any CPU.Build.0 = Release|Any CPU
		{725DED19-9A20-4B22-8DCD-49A50FB9460E}.Debug|Any CPU.ActiveCfg = Debug|Any CPU
		{725DED19-9A20-4B22-8DCD-49A50FB9460E}.Debug|Any CPU.Build.0 = Debug|Any CPU
		{725DED19-9A20-4B22-8DCD-49A50FB9460E}.Release|Any CPU.ActiveCfg = Release|Any CPU
		{725DED19-9A20-4B22-8DCD-49A50FB9460E}.Release|Any CPU.Build.0 = Release|Any CPU
	EndGlobalSection
	GlobalSection(SolutionProperties) = preSolution
		HideSolutionNode = FALSE
	EndGlobalSection
	GlobalSection(ExtensibilityGlobals) = postSolution
		SolutionGuid = {8DA93013-1FC7-4D22-A4CC-79978B6C05CB}
	EndGlobalSection
EndGlobal
